{
    "_readme": [
        "This file locks the dependencies of your project to a known state",
        "Read more about it at https://getcomposer.org/doc/01-basic-usage.md#composer-lock-the-lock-file",
        "This file is @generated automatically"
    ],
    "content-hash": "7ce18ce305e017c27cea31b69288df38",
    "packages": [
        {
            "name": "php-ds/php-ds",
            "version": "v1.1.1",
            "source": {
                "type": "git",
                "url": "https://github.com/php-ds/polyfill.git",
                "reference": "914c2c31417dc57a98b6c314b664b15c89d65bfb"
            },
            "dist": {
                "type": "zip",
                "url": "https://api.github.com/repos/php-ds/polyfill/zipball/914c2c31417dc57a98b6c314b664b15c89d65bfb",
                "reference": "914c2c31417dc57a98b6c314b664b15c89d65bfb",
                "shasum": ""
            },
            "require": {
                "php": ">=7.0.0"
            },
            "require-dev": {
                "php-ds/tests": "^1.1"
            },
            "suggest": {
                "ext-ds": "to improve performance and reduce memory usage"
            },
            "type": "library",
            "autoload": {
                "psr-4": {
                    "Ds\\": "src"
                }
            },
            "notification-url": "https://packagist.org/downloads/",
            "license": [
                "MIT"
            ],
            "authors": [
                {
                    "name": "Rudi Theunissen",
                    "email": "rudolf.theunissen@gmail.com"
                }
            ],
            "keywords": [
                "data structures",
                "ds",
                "php",
                "polyfill"
            ],
            "time": "2016-08-08T13:04:16+00:00"
        },
        {
            "name": "psr/cache",
            "version": "1.0.1",
            "source": {
                "type": "git",
                "url": "https://github.com/php-fig/cache.git",
                "reference": "d11b50ad223250cf17b86e38383413f5a6764bf8"
            },
            "dist": {
                "type": "zip",
                "url": "https://api.github.com/repos/php-fig/cache/zipball/d11b50ad223250cf17b86e38383413f5a6764bf8",
                "reference": "d11b50ad223250cf17b86e38383413f5a6764bf8",
                "shasum": ""
            },
            "require": {
                "php": ">=5.3.0"
            },
            "type": "library",
            "extra": {
                "branch-alias": {
                    "dev-master": "1.0.x-dev"
                }
            },
            "autoload": {
                "psr-4": {
                    "Psr\\Cache\\": "src/"
                }
            },
            "notification-url": "https://packagist.org/downloads/",
            "license": [
                "MIT"
            ],
            "authors": [
                {
                    "name": "PHP-FIG",
                    "homepage": "http://www.php-fig.org/"
                }
            ],
            "description": "Common interface for caching libraries",
            "keywords": [
                "cache",
                "psr",
                "psr-6"
            ],
            "time": "2016-08-06T20:24:11+00:00"
        },
        {
            "name": "psr/log",
            "version": "1.0.2",
            "source": {
                "type": "git",
                "url": "https://github.com/php-fig/log.git",
                "reference": "4ebe3a8bf773a19edfe0a84b6585ba3d401b724d"
            },
            "dist": {
                "type": "zip",
                "url": "https://api.github.com/repos/php-fig/log/zipball/4ebe3a8bf773a19edfe0a84b6585ba3d401b724d",
                "reference": "4ebe3a8bf773a19edfe0a84b6585ba3d401b724d",
                "shasum": ""
            },
            "require": {
                "php": ">=5.3.0"
            },
            "type": "library",
            "extra": {
                "branch-alias": {
                    "dev-master": "1.0.x-dev"
                }
            },
            "autoload": {
                "psr-4": {
                    "Psr\\Log\\": "Psr/Log/"
                }
            },
            "notification-url": "https://packagist.org/downloads/",
            "license": [
                "MIT"
            ],
            "authors": [
                {
                    "name": "PHP-FIG",
                    "homepage": "http://www.php-fig.org/"
                }
            ],
            "description": "Common interface for logging libraries",
            "homepage": "https://github.com/php-fig/log",
            "keywords": [
                "log",
                "psr",
                "psr-3"
            ],
            "time": "2016-10-10T12:19:37+00:00"
        },
        {
            "name": "rdlowrey/auryn",
            "version": "v1.4.0",
            "source": {
                "type": "git",
                "url": "https://github.com/rdlowrey/auryn.git",
                "reference": "2e4240791162dfe073d59654d8dc06df0eb0b73f"
            },
            "dist": {
                "type": "zip",
                "url": "https://api.github.com/repos/rdlowrey/auryn/zipball/2e4240791162dfe073d59654d8dc06df0eb0b73f",
                "reference": "2e4240791162dfe073d59654d8dc06df0eb0b73f",
                "shasum": ""
            },
            "require": {
                "php": ">=5.3.0"
            },
            "require-dev": {
                "athletic/athletic": "~0.1",
                "fabpot/php-cs-fixer": "~1.9",
                "phpunit/phpunit": "^4.7"
            },
            "type": "library",
            "autoload": {
                "psr-4": {
                    "Auryn\\": "lib/"
                }
            },
            "notification-url": "https://packagist.org/downloads/",
            "license": [
                "MIT"
            ],
            "authors": [
                {
                    "name": "Dan Ackroyd",
                    "email": "Danack@basereality.com",
                    "homepage": "http://www.basereality.com",
                    "role": "Developer"
                },
                {
                    "name": "Levi Morrison",
                    "email": "levim@php.net",
                    "homepage": "http://morrisonlevi.github.com/",
                    "role": "Developer"
                },
                {
                    "name": "Daniel Lowrey",
                    "email": "rdlowrey@gmail.com",
                    "homepage": "https://github.com/rdlowrey",
                    "role": "Creator / Main Developer"
                }
            ],
            "description": "Auryn is a dependency injector for bootstrapping object-oriented PHP applications.",
            "homepage": "https://github.com/rdlowrey/auryn",
            "keywords": [
                "dependency injection",
                "dic",
                "ioc"
            ],
            "time": "2016-03-14T20:10:19+00:00"
        },
        {
            "name": "shrink0r/monatic",
            "version": "0.1.0",
            "source": {
                "type": "git",
                "url": "https://github.com/shrink0r/monatic.git",
                "reference": "7ef7acb6f08489e842cc9caf0c721b3714d93e97"
            },
            "dist": {
                "type": "zip",
                "url": "https://api.github.com/repos/shrink0r/monatic/zipball/7ef7acb6f08489e842cc9caf0c721b3714d93e97",
                "reference": "7ef7acb6f08489e842cc9caf0c721b3714d93e97",
                "shasum": ""
            },
            "require": {
                "php": ">=5.6.0",
                "symfony/property-access": "~2.7"
            },
            "require-dev": {
                "phine/sami-github": "~1.0",
                "phpunit/phpunit": "~5.0",
                "sami/sami": "~3.0",
                "satooshi/php-coveralls": "~0.6",
                "squizlabs/php_codesniffer": "~2.3"
            },
            "type": "library",
            "autoload": {
                "psr-4": {
                    "Shrink0r\\Monatic\\": "src/"
                }
            },
            "notification-url": "https://packagist.org/downloads/",
            "license": [
                "MIT"
            ],
            "authors": [
                {
                    "name": "Thorsten Schmitt-Rink",
                    "email": "schmittrink@gmail.com"
                }
            ],
            "time": "2016-05-20T13:40:41+00:00"
        },
        {
            "name": "shrink0r/php-schema",
            "version": "0.3.0",
            "source": {
                "type": "git",
                "url": "https://github.com/shrink0r/php-schema.git",
                "reference": "d9061636109570e992f4ad54fbe101e065d9ff34"
            },
            "dist": {
                "type": "zip",
                "url": "https://api.github.com/repos/shrink0r/php-schema/zipball/d9061636109570e992f4ad54fbe101e065d9ff34",
                "reference": "d9061636109570e992f4ad54fbe101e065d9ff34",
                "shasum": ""
            },
            "require": {
                "php": ">=5.6.1"
            },
            "require-dev": {
                "jakub-onderka/php-console-highlighter": "^0.3",
                "jakub-onderka/php-parallel-lint": "^0.9",
                "phploc/phploc": "^3.0",
                "phpmd/phpmd": "^2.4",
                "phpunit/phpunit": "^5.5",
                "sami/sami": "^3.3.0",
                "satooshi/php-coveralls": "master@dev",
                "sebastian/phpcpd": "^2.0",
                "squizlabs/php_codesniffer": "^2.6"
            },
            "type": "library",
            "autoload": {
                "psr-4": {
                    "Shrink0r\\PhpSchema\\": "src/"
                }
            },
            "notification-url": "https://packagist.org/downloads/",
            "license": [
                "MIT"
            ],
            "description": "Lib for building and validating array structures in php.",
            "keywords": [
                "schema",
                "validation"
            ],
            "time": "2016-10-26T22:04:22+00:00"
        },
        {
            "name": "shrink0r/suffix-tree",
            "version": "0.1.0",
            "source": {
                "type": "git",
                "url": "https://github.com/shrink0r/suffix-tree.git",
                "reference": "b8afe186743e06ca9601f73eeaf8a9c9dbd0783e"
            },
            "dist": {
                "type": "zip",
                "url": "https://api.github.com/repos/shrink0r/suffix-tree/zipball/b8afe186743e06ca9601f73eeaf8a9c9dbd0783e",
                "reference": "b8afe186743e06ca9601f73eeaf8a9c9dbd0783e",
                "shasum": ""
            },
            "require": {
                "php": "^7.0"
            },
            "require-dev": {
                "jakub-onderka/php-console-highlighter": "^0.3",
                "jakub-onderka/php-parallel-lint": "^0.9",
                "phploc/phploc": "^3.0",
                "phpmd/phpmd": "^2.4",
                "phpunit/phpunit": "^5.5",
                "sami/sami": "^3.3.0",
                "satooshi/php-coveralls": "master@dev",
                "sebastian/phpcpd": "^2.0",
                "squizlabs/php_codesniffer": "^2.6"
            },
            "suggest": {
                "ext-fileinfo": "to handle mimetype guessing locally"
            },
            "type": "library",
            "autoload": {
                "psr-4": {
                    "Shrink0r\\SuffixTree\\": "src/"
                }
            },
            "notification-url": "https://packagist.org/downloads/",
            "license": [
                "MIT"
            ],
            "authors": [
                {
                    "name": "Thorsten Schmitt-Rink",
                    "email": "schmittrink@gmail.com",
                    "role": "Developer"
                }
            ],
            "description": "Suffix-tree (Ukkonen) for PHP.",
            "homepage": "https://github.com/shrink0r/suffix-tree",
            "keywords": [
                "suffix-tree",
                "ukkonen"
            ],
            "time": "2016-10-09T00:56:19+00:00"
        },
        {
            "name": "shrink0r/workflux",
            "version": "1.0.0",
            "source": {
                "type": "git",
                "url": "https://github.com/shrink0r/workflux.git",
                "reference": "d2818fa5fcf6eb39037020fc0c64b8c2dbf906bc"
            },
            "dist": {
                "type": "zip",
                "url": "https://api.github.com/repos/shrink0r/workflux/zipball/d2818fa5fcf6eb39037020fc0c64b8c2dbf906bc",
                "reference": "d2818fa5fcf6eb39037020fc0c64b8c2dbf906bc",
                "shasum": ""
            },
            "require": {
                "php": "^7.0",
                "php-ds/php-ds": "^1.1",
                "shrink0r/monatic": "^0.1",
                "shrink0r/php-schema": "^0.3",
                "shrink0r/suffix-tree": "^0.1",
                "symfony/expression-language": "^3.2"
            },
            "require-dev": {
                "jakub-onderka/php-console-highlighter": "^0.3",
                "jakub-onderka/php-parallel-lint": "^0.9",
                "phploc/phploc": "^3.0",
                "phpmd/phpmd": "^2.5",
                "phpunit/phpunit": "^5.6",
                "sami/sami": "^3.3.0",
                "satooshi/php-coveralls": "master@dev",
                "sebastian/phpcpd": "^2.0",
                "squizlabs/php_codesniffer": "^2.7"
            },
            "type": "library",
            "autoload": {
                "psr-4": {
                    "Workflux\\": "src/"
                }
            },
            "notification-url": "https://packagist.org/downloads/",
            "license": [
                "MIT"
            ],
            "description": "Finite state machine for php.",
            "homepage": "https://github.com/shrink0r/workflux",
            "keywords": [
                "fsm",
                "state machine",
                "workflow",
                "workflux"
            ],
            "time": "2016-12-09T14:56:03+00:00"
        },
        {
            "name": "symfony/cache",
            "version": "v3.2.5",
            "source": {
                "type": "git",
                "url": "https://github.com/symfony/cache.git",
                "reference": "c28526c3b88661905d3cabb811b215bd7eed9ed1"
            },
            "dist": {
                "type": "zip",
                "url": "https://api.github.com/repos/symfony/cache/zipball/c28526c3b88661905d3cabb811b215bd7eed9ed1",
                "reference": "c28526c3b88661905d3cabb811b215bd7eed9ed1",
                "shasum": ""
            },
            "require": {
                "php": ">=5.5.9",
                "psr/cache": "~1.0",
                "psr/log": "~1.0"
            },
            "provide": {
                "psr/cache-implementation": "1.0"
            },
            "require-dev": {
                "cache/integration-tests": "dev-master",
                "doctrine/cache": "~1.6",
                "doctrine/dbal": "~2.4",
                "predis/predis": "~1.0"
            },
            "suggest": {
                "symfony/polyfill-apcu": "For using ApcuAdapter on HHVM"
            },
            "type": "library",
            "extra": {
                "branch-alias": {
                    "dev-master": "3.2-dev"
                }
            },
            "autoload": {
                "psr-4": {
                    "Symfony\\Component\\Cache\\": ""
                },
                "exclude-from-classmap": [
                    "/Tests/"
                ]
            },
            "notification-url": "https://packagist.org/downloads/",
            "license": [
                "MIT"
            ],
            "authors": [
                {
                    "name": "Nicolas Grekas",
                    "email": "p@tchwork.com"
                },
                {
                    "name": "Symfony Community",
                    "homepage": "https://symfony.com/contributors"
                }
            ],
            "description": "Symfony implementation of PSR-6",
            "homepage": "https://symfony.com",
            "keywords": [
                "caching",
                "psr6"
            ],
            "time": "2017-03-07T15:57:48+00:00"
        },
        {
            "name": "symfony/expression-language",
            "version": "v3.2.5",
            "source": {
                "type": "git",
                "url": "https://github.com/symfony/expression-language.git",
                "reference": "8f7d3a35015831dc661713f403b0a0dd34a51baf"
            },
            "dist": {
                "type": "zip",
                "url": "https://api.github.com/repos/symfony/expression-language/zipball/8f7d3a35015831dc661713f403b0a0dd34a51baf",
                "reference": "8f7d3a35015831dc661713f403b0a0dd34a51baf",
                "shasum": ""
            },
            "require": {
                "php": ">=5.5.9",
                "symfony/cache": "~3.1"
            },
            "type": "library",
            "extra": {
                "branch-alias": {
                    "dev-master": "3.2-dev"
                }
            },
            "autoload": {
                "psr-4": {
                    "Symfony\\Component\\ExpressionLanguage\\": ""
                },
                "exclude-from-classmap": [
                    "/Tests/"
                ]
            },
            "notification-url": "https://packagist.org/downloads/",
            "license": [
                "MIT"
            ],
            "authors": [
                {
                    "name": "Fabien Potencier",
                    "email": "fabien@symfony.com"
                },
                {
                    "name": "Symfony Community",
                    "homepage": "https://symfony.com/contributors"
                }
            ],
            "description": "Symfony ExpressionLanguage Component",
            "homepage": "https://symfony.com",
            "time": "2017-02-24T13:58:52+00:00"
        },
        {
            "name": "symfony/property-access",
            "version": "v2.8.18",
            "source": {
                "type": "git",
                "url": "https://github.com/symfony/property-access.git",
                "reference": "820b71d9384a66f92ef968f82af871dc76debedb"
            },
            "dist": {
                "type": "zip",
                "url": "https://api.github.com/repos/symfony/property-access/zipball/820b71d9384a66f92ef968f82af871dc76debedb",
                "reference": "820b71d9384a66f92ef968f82af871dc76debedb",
                "shasum": ""
            },
            "require": {
                "php": ">=5.3.9"
            },
            "type": "library",
            "extra": {
                "branch-alias": {
                    "dev-master": "2.8-dev"
                }
            },
            "autoload": {
                "psr-4": {
                    "Symfony\\Component\\PropertyAccess\\": ""
                },
                "exclude-from-classmap": [
                    "/Tests/"
                ]
            },
            "notification-url": "https://packagist.org/downloads/",
            "license": [
                "MIT"
            ],
            "authors": [
                {
                    "name": "Fabien Potencier",
                    "email": "fabien@symfony.com"
                },
                {
                    "name": "Symfony Community",
                    "homepage": "https://symfony.com/contributors"
                }
            ],
            "description": "Symfony PropertyAccess Component",
            "homepage": "https://symfony.com",
            "keywords": [
                "access",
                "array",
                "extraction",
                "index",
                "injection",
                "object",
                "property",
                "property path",
                "reflection"
            ],
            "time": "2017-02-18T17:06:33+00:00"
        }
    ],
    "packages-dev": [],
    "aliases": [],
    "minimum-stability": "stable",
    "stability-flags": [],
    "prefer-stable": false,
    "prefer-lowest": false,
    "platform": [],
    "platform-dev": []
}
